// !$*UTF8*$!
{
	archiveVersion = 1;
	classes = {
	};
	objectVersion = 56;
	objects = {

/* Begin PBXBuildFile section */
		310A2BA777987FFB563C4654 /* Pods_Anime.framework in Frameworks */ = {isa = PBXBuildFile; fileRef = 1BEA32FFA482FC3CD8396847 /* Pods_Anime.framework */; };
		B4BE324C06E0CEC8D7A0D795 /* Pods_Anime_AnimeUITests.framework in Frameworks */ = {isa = PBXBuildFile; fileRef = 26C3E8B6E4BCCCFD75B809D8 /* Pods_Anime_AnimeUITests.framework */; };
		B9E2416029A9C84A006F1458 /* AnimeApp.swift in Sources */ = {isa = PBXBuildFile; fileRef = B9E2415F29A9C84A006F1458 /* AnimeApp.swift */; };
		B9E2416229A9C84A006F1458 /* ContentView.swift in Sources */ = {isa = PBXBuildFile; fileRef = B9E2416129A9C84A006F1458 /* ContentView.swift */; };
		B9E2416429A9C84B006F1458 /* Assets.xcassets in Resources */ = {isa = PBXBuildFile; fileRef = B9E2416329A9C84B006F1458 /* Assets.xcassets */; };
		B9E2416729A9C84B006F1458 /* Preview Assets.xcassets in Resources */ = {isa = PBXBuildFile; fileRef = B9E2416629A9C84B006F1458 /* Preview Assets.xcassets */; };
		B9E2417129A9C84B006F1458 /* AnimeTests.swift in Sources */ = {isa = PBXBuildFile; fileRef = B9E2417029A9C84B006F1458 /* AnimeTests.swift */; };
		B9E2417B29A9C84B006F1458 /* AnimeUITests.swift in Sources */ = {isa = PBXBuildFile; fileRef = B9E2417A29A9C84B006F1458 /* AnimeUITests.swift */; };
		B9E2417D29A9C84B006F1458 /* AnimeUITestsLaunchTests.swift in Sources */ = {isa = PBXBuildFile; fileRef = B9E2417C29A9C84B006F1458 /* AnimeUITestsLaunchTests.swift */; };
		B9E2418D29AAB846006F1458 /* NetworkService.swift in Sources */ = {isa = PBXBuildFile; fileRef = B9E2418C29AAB846006F1458 /* NetworkService.swift */; };
		B9E2418F29AAB946006F1458 /* Anime.swift in Sources */ = {isa = PBXBuildFile; fileRef = B9E2418E29AAB946006F1458 /* Anime.swift */; };
		B9E2419229AABA5D006F1458 /* AnimesScreenViewModel.swift in Sources */ = {isa = PBXBuildFile; fileRef = B9E2419129AABA5D006F1458 /* AnimesScreenViewModel.swift */; };
		B9E2419429AB2494006F1458 /* LoadingState.swift in Sources */ = {isa = PBXBuildFile; fileRef = B9E2419329AB2494006F1458 /* LoadingState.swift */; };
		E73C1E60092D3AB85900E516 /* Pods_AnimeTests.framework in Frameworks */ = {isa = PBXBuildFile; fileRef = A1EAEBCF6DD4BAE3A881F7D4 /* Pods_AnimeTests.framework */; };
/* End PBXBuildFile section */

/* Begin PBXContainerItemProxy section */
		B9E2416D29A9C84B006F1458 /* PBXContainerItemProxy */ = {
			isa = PBXContainerItemProxy;
			containerPortal = B9E2415429A9C84A006F1458 /* Project object */;
			proxyType = 1;
			remoteGlobalIDString = B9E2415B29A9C84A006F1458;
			remoteInfo = Anime;
		};
		B9E2417729A9C84B006F1458 /* PBXContainerItemProxy */ = {
			isa = PBXContainerItemProxy;
			containerPortal = B9E2415429A9C84A006F1458 /* Project object */;
			proxyType = 1;
			remoteGlobalIDString = B9E2415B29A9C84A006F1458;
			remoteInfo = Anime;
		};
/* End PBXContainerItemProxy section */

/* Begin PBXFileReference section */
		1BEA32FFA482FC3CD8396847 /* Pods_Anime.framework */ = {isa = PBXFileReference; explicitFileType = wrapper.framework; includeInIndex = 0; path = Pods_Anime.framework; sourceTree = BUILT_PRODUCTS_DIR; };
		26C3E8B6E4BCCCFD75B809D8 /* Pods_Anime_AnimeUITests.framework */ = {isa = PBXFileReference; explicitFileType = wrapper.framework; includeInIndex = 0; path = Pods_Anime_AnimeUITests.framework; sourceTree = BUILT_PRODUCTS_DIR; };
		2B91D942F2785B748FF62D18 /* Pods-AnimeTests.release.xcconfig */ = {isa = PBXFileReference; includeInIndex = 1; lastKnownFileType = text.xcconfig; name = "Pods-AnimeTests.release.xcconfig"; path = "Target Support Files/Pods-AnimeTests/Pods-AnimeTests.release.xcconfig"; sourceTree = "<group>"; };
		53260B008778F6A3067FCD57 /* Pods-Anime-AnimeUITests.debug.xcconfig */ = {isa = PBXFileReference; includeInIndex = 1; lastKnownFileType = text.xcconfig; name = "Pods-Anime-AnimeUITests.debug.xcconfig"; path = "Target Support Files/Pods-Anime-AnimeUITests/Pods-Anime-AnimeUITests.debug.xcconfig"; sourceTree = "<group>"; };
		533C9C25E6727B8E043AE501 /* Pods-Anime.debug.xcconfig */ = {isa = PBXFileReference; includeInIndex = 1; lastKnownFileType = text.xcconfig; name = "Pods-Anime.debug.xcconfig"; path = "Target Support Files/Pods-Anime/Pods-Anime.debug.xcconfig"; sourceTree = "<group>"; };
		5526DE1412B166AB7B5882A4 /* Pods-AnimeTests.debug.xcconfig */ = {isa = PBXFileReference; includeInIndex = 1; lastKnownFileType = text.xcconfig; name = "Pods-AnimeTests.debug.xcconfig"; path = "Target Support Files/Pods-AnimeTests/Pods-AnimeTests.debug.xcconfig"; sourceTree = "<group>"; };
		A1EAEBCF6DD4BAE3A881F7D4 /* Pods_AnimeTests.framework */ = {isa = PBXFileReference; explicitFileType = wrapper.framework; includeInIndex = 0; path = Pods_AnimeTests.framework; sourceTree = BUILT_PRODUCTS_DIR; };
		B21F77EB273380452E28D4FC /* Pods-Anime-AnimeUITests.release.xcconfig */ = {isa = PBXFileReference; includeInIndex = 1; lastKnownFileType = text.xcconfig; name = "Pods-Anime-AnimeUITests.release.xcconfig"; path = "Target Support Files/Pods-Anime-AnimeUITests/Pods-Anime-AnimeUITests.release.xcconfig"; sourceTree = "<group>"; };
		B9E2415C29A9C84A006F1458 /* Anime.app */ = {isa = PBXFileReference; explicitFileType = wrapper.application; includeInIndex = 0; path = Anime.app; sourceTree = BUILT_PRODUCTS_DIR; };
		B9E2415F29A9C84A006F1458 /* AnimeApp.swift */ = {isa = PBXFileReference; lastKnownFileType = sourcecode.swift; path = AnimeApp.swift; sourceTree = "<group>"; };
		B9E2416129A9C84A006F1458 /* ContentView.swift */ = {isa = PBXFileReference; lastKnownFileType = sourcecode.swift; path = ContentView.swift; sourceTree = "<group>"; };
		B9E2416329A9C84B006F1458 /* Assets.xcassets */ = {isa = PBXFileReference; lastKnownFileType = folder.assetcatalog; path = Assets.xcassets; sourceTree = "<group>"; };
		B9E2416629A9C84B006F1458 /* Preview Assets.xcassets */ = {isa = PBXFileReference; lastKnownFileType = folder.assetcatalog; path = "Preview Assets.xcassets"; sourceTree = "<group>"; };
		B9E2416C29A9C84B006F1458 /* AnimeTests.xctest */ = {isa = PBXFileReference; explicitFileType = wrapper.cfbundle; includeInIndex = 0; path = AnimeTests.xctest; sourceTree = BUILT_PRODUCTS_DIR; };
		B9E2417029A9C84B006F1458 /* AnimeTests.swift */ = {isa = PBXFileReference; lastKnownFileType = sourcecode.swift; path = AnimeTests.swift; sourceTree = "<group>"; };
		B9E2417629A9C84B006F1458 /* AnimeUITests.xctest */ = {isa = PBXFileReference; explicitFileType = wrapper.cfbundle; includeInIndex = 0; path = AnimeUITests.xctest; sourceTree = BUILT_PRODUCTS_DIR; };
		B9E2417A29A9C84B006F1458 /* AnimeUITests.swift */ = {isa = PBXFileReference; lastKnownFileType = sourcecode.swift; path = AnimeUITests.swift; sourceTree = "<group>"; };
		B9E2417C29A9C84B006F1458 /* AnimeUITestsLaunchTests.swift */ = {isa = PBXFileReference; lastKnownFileType = sourcecode.swift; path = AnimeUITestsLaunchTests.swift; sourceTree = "<group>"; };
		B9E2418C29AAB846006F1458 /* NetworkService.swift */ = {isa = PBXFileReference; lastKnownFileType = sourcecode.swift; path = NetworkService.swift; sourceTree = "<group>"; };
		B9E2418E29AAB946006F1458 /* Anime.swift */ = {isa = PBXFileReference; lastKnownFileType = sourcecode.swift; path = Anime.swift; sourceTree = "<group>"; };
		B9E2419129AABA5D006F1458 /* AnimesScreenViewModel.swift */ = {isa = PBXFileReference; lastKnownFileType = sourcecode.swift; path = AnimesScreenViewModel.swift; sourceTree = "<group>"; };
		B9E2419329AB2494006F1458 /* LoadingState.swift */ = {isa = PBXFileReference; lastKnownFileType = sourcecode.swift; path = LoadingState.swift; sourceTree = "<group>"; };
		F31474530940B2B5FDAA80EE /* Pods-Anime.release.xcconfig */ = {isa = PBXFileReference; includeInIndex = 1; lastKnownFileType = text.xcconfig; name = "Pods-Anime.release.xcconfig"; path = "Target Support Files/Pods-Anime/Pods-Anime.release.xcconfig"; sourceTree = "<group>"; };
/* End PBXFileReference section */

/* Begin PBXFrameworksBuildPhase section */
		B9E2415929A9C84A006F1458 /* Frameworks */ = {
			isa = PBXFrameworksBuildPhase;
			buildActionMask = 2147483647;
			files = (
				310A2BA777987FFB563C4654 /* Pods_Anime.framework in Frameworks */,
			);
			runOnlyForDeploymentPostprocessing = 0;
		};
		B9E2416929A9C84B006F1458 /* Frameworks */ = {
			isa = PBXFrameworksBuildPhase;
			buildActionMask = 2147483647;
			files = (
				E73C1E60092D3AB85900E516 /* Pods_AnimeTests.framework in Frameworks */,
			);
			runOnlyForDeploymentPostprocessing = 0;
		};
		B9E2417329A9C84B006F1458 /* Frameworks */ = {
			isa = PBXFrameworksBuildPhase;
			buildActionMask = 2147483647;
			files = (
				B4BE324C06E0CEC8D7A0D795 /* Pods_Anime_AnimeUITests.framework in Frameworks */,
			);
			runOnlyForDeploymentPostprocessing = 0;
		};
/* End PBXFrameworksBuildPhase section */

/* Begin PBXGroup section */
		564A6915CEB7563CC1E62CC9 /* Pods */ = {
			isa = PBXGroup;
			children = (
				533C9C25E6727B8E043AE501 /* Pods-Anime.debug.xcconfig */,
				F31474530940B2B5FDAA80EE /* Pods-Anime.release.xcconfig */,
				53260B008778F6A3067FCD57 /* Pods-Anime-AnimeUITests.debug.xcconfig */,
				B21F77EB273380452E28D4FC /* Pods-Anime-AnimeUITests.release.xcconfig */,
				5526DE1412B166AB7B5882A4 /* Pods-AnimeTests.debug.xcconfig */,
				2B91D942F2785B748FF62D18 /* Pods-AnimeTests.release.xcconfig */,
			);
			path = Pods;
			sourceTree = "<group>";
		};
		5889F54E37506F950D72C60E /* Frameworks */ = {
			isa = PBXGroup;
			children = (
				1BEA32FFA482FC3CD8396847 /* Pods_Anime.framework */,
				26C3E8B6E4BCCCFD75B809D8 /* Pods_Anime_AnimeUITests.framework */,
				A1EAEBCF6DD4BAE3A881F7D4 /* Pods_AnimeTests.framework */,
			);
			name = Frameworks;
			sourceTree = "<group>";
		};
		B9E2415329A9C84A006F1458 = {
			isa = PBXGroup;
			children = (
				B9E2415E29A9C84A006F1458 /* Anime */,
				B9E2416F29A9C84B006F1458 /* AnimeTests */,
				B9E2417929A9C84B006F1458 /* AnimeUITests */,
				B9E2415D29A9C84A006F1458 /* Products */,
				564A6915CEB7563CC1E62CC9 /* Pods */,
				5889F54E37506F950D72C60E /* Frameworks */,
			);
			sourceTree = "<group>";
		};
		B9E2415D29A9C84A006F1458 /* Products */ = {
			isa = PBXGroup;
			children = (
				B9E2415C29A9C84A006F1458 /* Anime.app */,
				B9E2416C29A9C84B006F1458 /* AnimeTests.xctest */,
				B9E2417629A9C84B006F1458 /* AnimeUITests.xctest */,
			);
			name = Products;
			sourceTree = "<group>";
		};
		B9E2415E29A9C84A006F1458 /* Anime */ = {
			isa = PBXGroup;
			children = (
				B9E2418B29A9DFBE006F1458 /* presentation */,
				B9E2418A29A9DFAF006F1458 /* domain */,
				B9E2418929A9DF9E006F1458 /* data */,
				B9E2416329A9C84B006F1458 /* Assets.xcassets */,
				B9E2416529A9C84B006F1458 /* Preview Content */,
			);
			path = Anime;
			sourceTree = "<group>";
		};
		B9E2416529A9C84B006F1458 /* Preview Content */ = {
			isa = PBXGroup;
			children = (
				B9E2416629A9C84B006F1458 /* Preview Assets.xcassets */,
			);
			path = "Preview Content";
			sourceTree = "<group>";
		};
		B9E2416F29A9C84B006F1458 /* AnimeTests */ = {
			isa = PBXGroup;
			children = (
				B9E2417029A9C84B006F1458 /* AnimeTests.swift */,
			);
			path = AnimeTests;
			sourceTree = "<group>";
		};
		B9E2417929A9C84B006F1458 /* AnimeUITests */ = {
			isa = PBXGroup;
			children = (
				B9E2417A29A9C84B006F1458 /* AnimeUITests.swift */,
				B9E2417C29A9C84B006F1458 /* AnimeUITestsLaunchTests.swift */,
			);
			path = AnimeUITests;
			sourceTree = "<group>";
		};
		B9E2418929A9DF9E006F1458 /* data */ = {
			isa = PBXGroup;
			children = (
				B9E2418E29AAB946006F1458 /* Anime.swift */,
			);
			path = data;
			sourceTree = "<group>";
		};
		B9E2418A29A9DFAF006F1458 /* domain */ = {
			isa = PBXGroup;
			children = (
				B9E2418C29AAB846006F1458 /* NetworkService.swift */,
			);
			path = domain;
			sourceTree = "<group>";
		};
		B9E2418B29A9DFBE006F1458 /* presentation */ = {
			isa = PBXGroup;
			children = (
				B9E2419029AABA2F006F1458 /* viewmodel */,
				B9E2415F29A9C84A006F1458 /* AnimeApp.swift */,
				B9E2416129A9C84A006F1458 /* ContentView.swift */,
			);
			path = presentation;
			sourceTree = "<group>";
		};
		B9E2419029AABA2F006F1458 /* viewmodel */ = {
			isa = PBXGroup;
			children = (
				B9E2419129AABA5D006F1458 /* AnimesScreenViewModel.swift */,
				B9E2419329AB2494006F1458 /* LoadingState.swift */,
			);
			path = viewmodel;
			sourceTree = "<group>";
		};
/* End PBXGroup section */

/* Begin PBXNativeTarget section */
		B9E2415B29A9C84A006F1458 /* Anime */ = {
			isa = PBXNativeTarget;
			buildConfigurationList = B9E2418029A9C84B006F1458 /* Build configuration list for PBXNativeTarget "Anime" */;
			buildPhases = (
				7C698103732EDEC60A10722D /* [CP] Check Pods Manifest.lock */,
				B9E2415829A9C84A006F1458 /* Sources */,
				B9E2415929A9C84A006F1458 /* Frameworks */,
				B9E2415A29A9C84A006F1458 /* Resources */,
			);
			buildRules = (
			);
			dependencies = (
			);
			name = Anime;
			productName = Anime;
			productReference = B9E2415C29A9C84A006F1458 /* Anime.app */;
			productType = "com.apple.product-type.application";
		};
		B9E2416B29A9C84B006F1458 /* AnimeTests */ = {
			isa = PBXNativeTarget;
			buildConfigurationList = B9E2418329A9C84B006F1458 /* Build configuration list for PBXNativeTarget "AnimeTests" */;
			buildPhases = (
				47F7E39814F7DFD89333FA0F /* [CP] Check Pods Manifest.lock */,
				B9E2416829A9C84B006F1458 /* Sources */,
				B9E2416929A9C84B006F1458 /* Frameworks */,
				B9E2416A29A9C84B006F1458 /* Resources */,
			);
			buildRules = (
			);
			dependencies = (
				B9E2416E29A9C84B006F1458 /* PBXTargetDependency */,
			);
			name = AnimeTests;
			productName = AnimeTests;
			productReference = B9E2416C29A9C84B006F1458 /* AnimeTests.xctest */;
			productType = "com.apple.product-type.bundle.unit-test";
		};
		B9E2417529A9C84B006F1458 /* AnimeUITests */ = {
			isa = PBXNativeTarget;
			buildConfigurationList = B9E2418629A9C84B006F1458 /* Build configuration list for PBXNativeTarget "AnimeUITests" */;
			buildPhases = (
				073427EAC57CB625F289B244 /* [CP] Check Pods Manifest.lock */,
				B9E2417229A9C84B006F1458 /* Sources */,
				B9E2417329A9C84B006F1458 /* Frameworks */,
				B9E2417429A9C84B006F1458 /* Resources */,
			);
			buildRules = (
			);
			dependencies = (
				B9E2417829A9C84B006F1458 /* PBXTargetDependency */,
			);
			name = AnimeUITests;
			productName = AnimeUITests;
			productReference = B9E2417629A9C84B006F1458 /* AnimeUITests.xctest */;
			productType = "com.apple.product-type.bundle.ui-testing";
		};
/* End PBXNativeTarget section */

/* Begin PBXProject section */
		B9E2415429A9C84A006F1458 /* Project object */ = {
			isa = PBXProject;
			attributes = {
				BuildIndependentTargetsInParallel = 1;
				LastSwiftUpdateCheck = 1420;
				LastUpgradeCheck = 1420;
				TargetAttributes = {
					B9E2415B29A9C84A006F1458 = {
						CreatedOnToolsVersion = 14.2;
					};
					B9E2416B29A9C84B006F1458 = {
						CreatedOnToolsVersion = 14.2;
						TestTargetID = B9E2415B29A9C84A006F1458;
					};
					B9E2417529A9C84B006F1458 = {
						CreatedOnToolsVersion = 14.2;
						TestTargetID = B9E2415B29A9C84A006F1458;
					};
				};
			};
			buildConfigurationList = B9E2415729A9C84A006F1458 /* Build configuration list for PBXProject "Anime" */;
			compatibilityVersion = "Xcode 14.0";
			developmentRegion = en;
			hasScannedForEncodings = 0;
			knownRegions = (
				en,
				Base,
			);
			mainGroup = B9E2415329A9C84A006F1458;
			productRefGroup = B9E2415D29A9C84A006F1458 /* Products */;
			projectDirPath = "";
			projectRoot = "";
			targets = (
				B9E2415B29A9C84A006F1458 /* Anime */,
				B9E2416B29A9C84B006F1458 /* AnimeTests */,
				B9E2417529A9C84B006F1458 /* AnimeUITests */,
			);
		};
/* End PBXProject section */

/* Begin PBXResourcesBuildPhase section */
		B9E2415A29A9C84A006F1458 /* Resources */ = {
			isa = PBXResourcesBuildPhase;
			buildActionMask = 2147483647;
			files = (
				B9E2416729A9C84B006F1458 /* Preview Assets.xcassets in Resources */,
				B9E2416429A9C84B006F1458 /* Assets.xcassets in Resources */,
			);
			runOnlyForDeploymentPostprocessing = 0;
		};
		B9E2416A29A9C84B006F1458 /* Resources */ = {
			isa = PBXResourcesBuildPhase;
			buildActionMask = 2147483647;
			files = (
			);
			runOnlyForDeploymentPostprocessing = 0;
		};
		B9E2417429A9C84B006F1458 /* Resources */ = {
			isa = PBXResourcesBuildPhase;
			buildActionMask = 2147483647;
			files = (
			);
			runOnlyForDeploymentPostprocessing = 0;
		};
/* End PBXResourcesBuildPhase section */

/* Begin PBXShellScriptBuildPhase section */
		073427EAC57CB625F289B244 /* [CP] Check Pods Manifest.lock */ = {
			isa = PBXShellScriptBuildPhase;
			buildActionMask = 2147483647;
			files = (
			);
			inputFileListPaths = (
			);
			inputPaths = (
				"${PODS_PODFILE_DIR_PATH}/Podfile.lock",
				"${PODS_ROOT}/Manifest.lock",
			);
			name = "[CP] Check Pods Manifest.lock";
			outputFileListPaths = (
			);
			outputPaths = (
				"$(DERIVED_FILE_DIR)/Pods-Anime-AnimeUITests-checkManifestLockResult.txt",
			);
			runOnlyForDeploymentPostprocessing = 0;
			shellPath = /bin/sh;
			shellScript = "diff \"${PODS_PODFILE_DIR_PATH}/Podfile.lock\" \"${PODS_ROOT}/Manifest.lock\" > /dev/null\nif [ $? != 0 ] ; then\n    # print error to STDERR\n    echo \"error: The sandbox is not in sync with the Podfile.lock. Run 'pod install' or update your CocoaPods installation.\" >&2\n    exit 1\nfi\n# This output is used by Xcode 'outputs' to avoid re-running this script phase.\necho \"SUCCESS\" > \"${SCRIPT_OUTPUT_FILE_0}\"\n";
			showEnvVarsInLog = 0;
		};
		47F7E39814F7DFD89333FA0F /* [CP] Check Pods Manifest.lock */ = {
			isa = PBXShellScriptBuildPhase;
			buildActionMask = 2147483647;
			files = (
			);
			inputFileListPaths = (
			);
			inputPaths = (
				"${PODS_PODFILE_DIR_PATH}/Podfile.lock",
				"${PODS_ROOT}/Manifest.lock",
			);
			name = "[CP] Check Pods Manifest.lock";
			outputFileListPaths = (
			);
			outputPaths = (
				"$(DERIVED_FILE_DIR)/Pods-AnimeTests-checkManifestLockResult.txt",
			);
			runOnlyForDeploymentPostprocessing = 0;
			shellPath = /bin/sh;
			shellScript = "diff \"${PODS_PODFILE_DIR_PATH}/Podfile.lock\" \"${PODS_ROOT}/Manifest.lock\" > /dev/null\nif [ $? != 0 ] ; then\n    # print error to STDERR\n    echo \"error: The sandbox is not in sync with the Podfile.lock. Run 'pod install' or update your CocoaPods installation.\" >&2\n    exit 1\nfi\n# This output is used by Xcode 'outputs' to avoid re-running this script phase.\necho \"SUCCESS\" > \"${SCRIPT_OUTPUT_FILE_0}\"\n";
			showEnvVarsInLog = 0;
		};
		7C698103732EDEC60A10722D /* [CP] Check Pods Manifest.lock */ = {
			isa = PBXShellScriptBuildPhase;
			buildActionMask = 2147483647;
			files = (
			);
			inputFileListPaths = (
			);
			inputPaths = (
				"${PODS_PODFILE_DIR_PATH}/Podfile.lock",
				"${PODS_ROOT}/Manifest.lock",
			);
			name = "[CP] Check Pods Manifest.lock";
			outputFileListPaths = (
			);
			outputPaths = (
				"$(DERIVED_FILE_DIR)/Pods-Anime-checkManifestLockResult.txt",
			);
			runOnlyForDeploymentPostprocessing = 0;
			shellPath = /bin/sh;
			shellScript = "diff \"${PODS_PODFILE_DIR_PATH}/Podfile.lock\" \"${PODS_ROOT}/Manifest.lock\" > /dev/null\nif [ $? != 0 ] ; then\n    # print error to STDERR\n    echo \"error: The sandbox is not in sync with the Podfile.lock. Run 'pod install' or update your CocoaPods installation.\" >&2\n    exit 1\nfi\n# This output is used by Xcode 'outputs' to avoid re-running this script phase.\necho \"SUCCESS\" > \"${SCRIPT_OUTPUT_FILE_0}\"\n";
			showEnvVarsInLog = 0;
		};
/* End PBXShellScriptBuildPhase section */

/* Begin PBXSourcesBuildPhase section */
		B9E2415829A9C84A006F1458 /* Sources */ = {
			isa = PBXSourcesBuildPhase;
			buildActionMask = 2147483647;
			files = (
				B9E2419429AB2494006F1458 /* LoadingState.swift in Sources */,
				B9E2419229AABA5D006F1458 /* AnimesScreenViewModel.swift in Sources */,
				B9E2418F29AAB946006F1458 /* Anime.swift in Sources */,
				B9E2416229A9C84A006F1458 /* ContentView.swift in Sources */,
				B9E2418D29AAB846006F1458 /* NetworkService.swift in Sources */,
				B9E2416029A9C84A006F1458 /* AnimeApp.swift in Sources */,
			);
			runOnlyForDeploymentPostprocessing = 0;
		};
		B9E2416829A9C84B006F1458 /* Sources */ = {
			isa = PBXSourcesBuildPhase;
			buildActionMask = 2147483647;
			files = (
				B9E2417129A9C84B006F1458 /* AnimeTests.swift in Sources */,
			);
			runOnlyForDeploymentPostprocessing = 0;
		};
		B9E2417229A9C84B006F1458 /* Sources */ = {
			isa = PBXSourcesBuildPhase;
			buildActionMask = 2147483647;
			files = (
				B9E2417B29A9C84B006F1458 /* AnimeUITests.swift in Sources */,
				B9E2417D29A9C84B006F1458 /* AnimeUITestsLaunchTests.swift in Sources */,
			);
			runOnlyForDeploymentPostprocessing = 0;
		};
/* End PBXSourcesBuildPhase section */

/* Begin PBXTargetDependency section */
		B9E2416E29A9C84B006F1458 /* PBXTargetDependency */ = {
			isa = PBXTargetDependency;
			target = B9E2415B29A9C84A006F1458 /* Anime */;
			targetProxy = B9E2416D29A9C84B006F1458 /* PBXContainerItemProxy */;
		};
		B9E2417829A9C84B006F1458 /* PBXTargetDependency */ = {
			isa = PBXTargetDependency;
			target = B9E2415B29A9C84A006F1458 /* Anime */;
			targetProxy = B9E2417729A9C84B006F1458 /* PBXContainerItemProxy */;
		};
/* End PBXTargetDependency section */

/* Begin XCBuildConfiguration section */
		B9E2417E29A9C84B006F1458 /* Debug */ = {
			isa = XCBuildConfiguration;
			buildSettings = {
				ALWAYS_SEARCH_USER_PATHS = NO;
				CLANG_ANALYZER_NONNULL = YES;
				CLANG_ANALYZER_NUMBER_OBJECT_CONVERSION = YES_AGGRESSIVE;
				CLANG_CXX_LANGUAGE_STANDARD = "gnu++20";
				CLANG_ENABLE_MODULES = YES;
				CLANG_ENABLE_OBJC_ARC = YES;
				CLANG_ENABLE_OBJC_WEAK = YES;
				CLANG_WARN_BLOCK_CAPTURE_AUTORELEASING = YES;
				CLANG_WARN_BOOL_CONVERSION = YES;
				CLANG_WARN_COMMA = YES;
				CLANG_WARN_CONSTANT_CONVERSION = YES;
				CLANG_WARN_DEPRECATED_OBJC_IMPLEMENTATIONS = YES;
				CLANG_WARN_DIRECT_OBJC_ISA_USAGE = YES_ERROR;
				CLANG_WARN_DOCUMENTATION_COMMENTS = YES;
				CLANG_WARN_EMPTY_BODY = YES;
				CLANG_WARN_ENUM_CONVERSION = YES;
				CLANG_WARN_INFINITE_RECURSION = YES;
				CLANG_WARN_INT_CONVERSION = YES;
				CLANG_WARN_NON_LITERAL_NULL_CONVERSION = YES;
				CLANG_WARN_OBJC_IMPLICIT_RETAIN_SELF = YES;
				CLANG_WARN_OBJC_LITERAL_CONVERSION = YES;
				CLANG_WARN_OBJC_ROOT_CLASS = YES_ERROR;
				CLANG_WARN_QUOTED_INCLUDE_IN_FRAMEWORK_HEADER = YES;
				CLANG_WARN_RANGE_LOOP_ANALYSIS = YES;
				CLANG_WARN_STRICT_PROTOTYPES = YES;
				CLANG_WARN_SUSPICIOUS_MOVE = YES;
				CLANG_WARN_UNGUARDED_AVAILABILITY = YES_AGGRESSIVE;
				CLANG_WARN_UNREACHABLE_CODE = YES;
				CLANG_WARN__DUPLICATE_METHOD_MATCH = YES;
				COPY_PHASE_STRIP = NO;
				DEBUG_INFORMATION_FORMAT = dwarf;
				ENABLE_STRICT_OBJC_MSGSEND = YES;
				ENABLE_TESTABILITY = YES;
				GCC_C_LANGUAGE_STANDARD = gnu11;
				GCC_DYNAMIC_NO_PIC = NO;
				GCC_NO_COMMON_BLOCKS = YES;
				GCC_OPTIMIZATION_LEVEL = 0;
				GCC_PREPROCESSOR_DEFINITIONS = (
					"DEBUG=1",
					"$(inherited)",
				);
				GCC_WARN_64_TO_32_BIT_CONVERSION = YES;
				GCC_WARN_ABOUT_RETURN_TYPE = YES_ERROR;
				GCC_WARN_UNDECLARED_SELECTOR = YES;
				GCC_WARN_UNINITIALIZED_AUTOS = YES_AGGRESSIVE;
				GCC_WARN_UNUSED_FUNCTION = YES;
				GCC_WARN_UNUSED_VARIABLE = YES;
				IPHONEOS_DEPLOYMENT_TARGET = 16.2;
				MTL_ENABLE_DEBUG_INFO = INCLUDE_SOURCE;
				MTL_FAST_MATH = YES;
				ONLY_ACTIVE_ARCH = YES;
				SDKROOT = iphoneos;
				SWIFT_ACTIVE_COMPILATION_CONDITIONS = DEBUG;
				SWIFT_OPTIMIZATION_LEVEL = "-Onone";
			};
			name = Debug;
		};
		B9E2417F29A9C84B006F1458 /* Release */ = {
			isa = XCBuildConfiguration;
			buildSettings = {
				ALWAYS_SEARCH_USER_PATHS = NO;
				CLANG_ANALYZER_NONNULL = YES;
				CLANG_ANALYZER_NUMBER_OBJECT_CONVERSION = YES_AGGRESSIVE;
				CLANG_CXX_LANGUAGE_STANDARD = "gnu++20";
				CLANG_ENABLE_MODULES = YES;
				CLANG_ENABLE_OBJC_ARC = YES;
				CLANG_ENABLE_OBJC_WEAK = YES;
				CLANG_WARN_BLOCK_CAPTURE_AUTORELEASING = YES;
				CLANG_WARN_BOOL_CONVERSION = YES;
				CLANG_WARN_COMMA = YES;
				CLANG_WARN_CONSTANT_CONVERSION = YES;
				CLANG_WARN_DEPRECATED_OBJC_IMPLEMENTATIONS = YES;
				CLANG_WARN_DIRECT_OBJC_ISA_USAGE = YES_ERROR;
				CLANG_WARN_DOCUMENTATION_COMMENTS = YES;
				CLANG_WARN_EMPTY_BODY = YES;
				CLANG_WARN_ENUM_CONVERSION = YES;
				CLANG_WARN_INFINITE_RECURSION = YES;
				CLANG_WARN_INT_CONVERSION = YES;
				CLANG_WARN_NON_LITERAL_NULL_CONVERSION = YES;
				CLANG_WARN_OBJC_IMPLICIT_RETAIN_SELF = YES;
				CLANG_WARN_OBJC_LITERAL_CONVERSION = YES;
				CLANG_WARN_OBJC_ROOT_CLASS = YES_ERROR;
				CLANG_WARN_QUOTED_INCLUDE_IN_FRAMEWORK_HEADER = YES;
				CLANG_WARN_RANGE_LOOP_ANALYSIS = YES;
				CLANG_WARN_STRICT_PROTOTYPES = YES;
				CLANG_WARN_SUSPICIOUS_MOVE = YES;
				CLANG_WARN_UNGUARDED_AVAILABILITY = YES_AGGRESSIVE;
				CLANG_WARN_UNREACHABLE_CODE = YES;
				CLANG_WARN__DUPLICATE_METHOD_MATCH = YES;
				COPY_PHASE_STRIP = NO;
				DEBUG_INFORMATION_FORMAT = "dwarf-with-dsym";
				ENABLE_NS_ASSERTIONS = NO;
				ENABLE_STRICT_OBJC_MSGSEND = YES;
				GCC_C_LANGUAGE_STANDARD = gnu11;
				GCC_NO_COMMON_BLOCKS = YES;
				GCC_WARN_64_TO_32_BIT_CONVERSION = YES;
				GCC_WARN_ABOUT_RETURN_TYPE = YES_ERROR;
				GCC_WARN_UNDECLARED_SELECTOR = YES;
				GCC_WARN_UNINITIALIZED_AUTOS = YES_AGGRESSIVE;
				GCC_WARN_UNUSED_FUNCTION = YES;
				GCC_WARN_UNUSED_VARIABLE = YES;
				IPHONEOS_DEPLOYMENT_TARGET = 16.2;
				MTL_ENABLE_DEBUG_INFO = NO;
				MTL_FAST_MATH = YES;
				SDKROOT = iphoneos;
				SWIFT_COMPILATION_MODE = wholemodule;
				SWIFT_OPTIMIZATION_LEVEL = "-O";
				VALIDATE_PRODUCT = YES;
			};
			name = Release;
		};
		B9E2418129A9C84B006F1458 /* Debug */ = {
			isa = XCBuildConfiguration;
			baseConfigurationReference = 533C9C25E6727B8E043AE501 /* Pods-Anime.debug.xcconfig */;
			buildSettings = {
				ASSETCATALOG_COMPILER_APPICON_NAME = AppIcon;
				ASSETCATALOG_COMPILER_GLOBAL_ACCENT_COLOR_NAME = AccentColor;
				CODE_SIGN_STYLE = Automatic;
				CURRENT_PROJECT_VERSION = 1;
				DEVELOPMENT_ASSET_PATHS = "\"Anime/Preview Content\"";
				DEVELOPMENT_TEAM = 8HZU62B43M;
				ENABLE_PREVIEWS = YES;
				GENERATE_INFOPLIST_FILE = YES;
				INFOPLIST_KEY_UIApplicationSceneManifest_Generation = YES;
				INFOPLIST_KEY_UIApplicationSupportsIndirectInputEvents = YES;
				INFOPLIST_KEY_UILaunchScreen_Generation = YES;
				INFOPLIST_KEY_UISupportedInterfaceOrientations_iPad = "UIInterfaceOrientationPortrait UIInterfaceOrientationPortraitUpsideDown UIInterfaceOrientationLandscapeLeft UIInterfaceOrientationLandscapeRight";
				INFOPLIST_KEY_UISupportedInterfaceOrientations_iPhone = "UIInterfaceOrientationPortrait UIInterfaceOrientationLandscapeLeft UIInterfaceOrientationLandscapeRight";
				LD_RUNPATH_SEARCH_PATHS = (
					"$(inherited)",
					"@executable_path/Frameworks",
				);
				MARKETING_VERSION = 1.0;
				PRODUCT_BUNDLE_IDENTIFIER = com.kenny.Anime;
				PRODUCT_NAME = "$(TARGET_NAME)";
				SWIFT_EMIT_LOC_STRINGS = YES;
				SWIFT_VERSION = 5.0;
				TARGETED_DEVICE_FAMILY = "1,2";
			};
			name = Debug;
		};
		B9E2418229A9C84B006F1458 /* Release */ = {
			isa = XCBuildConfiguration;
			baseConfigurationReference = F31474530940B2B5FDAA80EE /* Pods-Anime.release.xcconfig */;
			buildSettings = {
				ASSETCATALOG_COMPILER_APPICON_NAME = AppIcon;
				ASSETCATALOG_COMPILER_GLOBAL_ACCENT_COLOR_NAME = AccentColor;
				CODE_SIGN_STYLE = Automatic;
				CURRENT_PROJECT_VERSION = 1;
				DEVELOPMENT_ASSET_PATHS = "\"Anime/Preview Content\"";
				DEVELOPMENT_TEAM = 8HZU62B43M;
				ENABLE_PREVIEWS = YES;
				GENERATE_INFOPLIST_FILE = YES;
				INFOPLIST_KEY_UIApplicationSceneManifest_Generation = YES;
				INFOPLIST_KEY_UIApplicationSupportsIndirectInputEvents = YES;
				INFOPLIST_KEY_UILaunchScreen_Generation = YES;
				INFOPLIST_KEY_UISupportedInterfaceOrientations_iPad = "UIInterfaceOrientationPortrait UIInterfaceOrientationPortraitUpsideDown UIInterfaceOrientationLandscapeLeft UIInterfaceOrientationLandscapeRight";
				INFOPLIST_KEY_UISupportedInterfaceOrientations_iPhone = "UIInterfaceOrientationPortrait UIInterfaceOrientationLandscapeLeft UIInterfaceOrientationLandscapeRight";
				LD_RUNPATH_SEARCH_PATHS = (
					"$(inherited)",
					"@executable_path/Frameworks",
				);
				MARKETING_VERSION = 1.0;
				PRODUCT_BUNDLE_IDENTIFIER = com.kenny.Anime;
				PRODUCT_NAME = "$(TARGET_NAME)";
				SWIFT_EMIT_LOC_STRINGS = YES;
				SWIFT_VERSION = 5.0;
				TARGETED_DEVICE_FAMILY = "1,2";
			};
			name = Release;
		};
		B9E2418429A9C84B006F1458 /* Debug */ = {
			isa = XCBuildConfiguration;
			baseConfigurationReference = 5526DE1412B166AB7B5882A4 /* Pods-AnimeTests.debug.xcconfig */;
			buildSettings = {
				ALWAYS_EMBED_SWIFT_STANDARD_LIBRARIES = YES;
				BUNDLE_LOADER = "$(TEST_HOST)";
				CODE_SIGN_STYLE = Automatic;
				CURRENT_PROJECT_VERSION = 1;
				DEVELOPMENT_TEAM = 8HZU62B43M;
				GENERATE_INFOPLIST_FILE = YES;
				IPHONEOS_DEPLOYMENT_TARGET = 16.2;
				MARKETING_VERSION = 1.0;
				PRODUCT_BUNDLE_IDENTIFIER = com.kenny.AnimeTests;
				PRODUCT_NAME = "$(TARGET_NAME)";
				SWIFT_EMIT_LOC_STRINGS = NO;
				SWIFT_VERSION = 5.0;
				TARGETED_DEVICE_FAMILY = "1,2";
				TEST_HOST = "$(BUILT_PRODUCTS_DIR)/Anime.app/$(BUNDLE_EXECUTABLE_FOLDER_PATH)/Anime";
			};
			name = Debug;
		};
		B9E2418529A9C84B006F1458 /* Release */ = {
			isa = XCBuildConfiguration;
			baseConfigurationReference = 2B91D942F2785B748FF62D18 /* Pods-AnimeTests.release.xcconfig */;
			buildSettings = {
				ALWAYS_EMBED_SWIFT_STANDARD_LIBRARIES = YES;
				BUNDLE_LOADER = "$(TEST_HOST)";
				CODE_SIGN_STYLE = Automatic;
				CURRENT_PROJECT_VERSION = 1;
				DEVELOPMENT_TEAM = 8HZU62B43M;
				GENERATE_INFOPLIST_FILE = YES;
				IPHONEOS_DEPLOYMENT_TARGET = 16.2;
				MARKETING_VERSION = 1.0;
				PRODUCT_BUNDLE_IDENTIFIER = com.kenny.AnimeTests;
				PRODUCT_NAME = "$(TARGET_NAME)";
				SWIFT_EMIT_LOC_STRINGS = NO;
				SWIFT_VERSION = 5.0;
				TARGETED_DEVICE_FAMILY = "1,2";
				TEST_HOST = "$(BUILT_PRODUCTS_DIR)/Anime.app/$(BUNDLE_EXECUTABLE_FOLDER_PATH)/Anime";
			};
			name = Release;
		};
		B9E2418729A9C84B006F1458 /* Debug */ = {
			isa = XCBuildConfiguration;
			baseConfigurationReference = 53260B008778F6A3067FCD57 /* Pods-Anime-AnimeUITests.debug.xcconfig */;
			buildSettings = {
				ALWAYS_EMBED_SWIFT_STANDARD_LIBRARIES = YES;
				CODE_SIGN_STYLE = Automatic;
				CURRENT_PROJECT_VERSION = 1;
				DEVELOPMENT_TEAM = 8HZU62B43M;
				GENERATE_INFOPLIST_FILE = YES;
				MARKETING_VERSION = 1.0;
				PRODUCT_BUNDLE_IDENTIFIER = com.kenny.AnimeUITests;
				PRODUCT_NAME = "$(TARGET_NAME)";
				SWIFT_EMIT_LOC_STRINGS = NO;
				SWIFT_VERSION = 5.0;
				TARGETED_DEVICE_FAMILY = "1,2";
				TEST_TARGET_NAME = Anime;
			};
			name = Debug;
		};
		B9E2418829A9C84B006F1458 /* Release */ = {
			isa = XCBuildConfiguration;
			baseConfigurationReference = B21F77EB273380452E28D4FC /* Pods-Anime-AnimeUITests.release.xcconfig */;
			buildSettings = {
				ALWAYS_EMBED_SWIFT_STANDARD_LIBRARIES = YES;
				CODE_SIGN_STYLE = Automatic;
				CURRENT_PROJECT_VERSION = 1;
				DEVELOPMENT_TEAM = 8HZU62B43M;
				GENERATE_INFOPLIST_FILE = YES;
				MARKETING_VERSION = 1.0;
				PRODUCT_BUNDLE_IDENTIFIER = com.kenny.AnimeUITests;
				PRODUCT_NAME = "$(TARGET_NAME)";
				SWIFT_EMIT_LOC_STRINGS = NO;
				SWIFT_VERSION = 5.0;
				TARGETED_DEVICE_FAMILY = "1,2";
				TEST_TARGET_NAME = Anime;
			};
			name = Release;
		};
/* End XCBuildConfiguration section */

/* Begin XCConfigurationList section */
		B9E2415729A9C84A006F1458 /* Build configuration list for PBXProject "Anime" */ = {
			isa = XCConfigurationList;
			buildConfigurations = (
				B9E2417E29A9C84B006F1458 /* Debug */,
				B9E2417F29A9C84B006F1458 /* Release */,
			);
			defaultConfigurationIsVisible = 0;
			defaultConfigurationName = Release;
		};
		B9E2418029A9C84B006F1458 /* Build configuration list for PBXNativeTarget "Anime" */ = {
			isa = XCConfigurationList;
			buildConfigurations = (
				B9E2418129A9C84B006F1458 /* Debug */,
				B9E2418229A9C84B006F1458 /* Release */,
			);
			defaultConfigurationIsVisible = 0;
			defaultConfigurationName = Release;
		};
		B9E2418329A9C84B006F1458 /* Build configuration list for PBXNativeTarget "AnimeTests" */ = {
			isa = XCConfigurationList;
			buildConfigurations = (
				B9E2418429A9C84B006F1458 /* Debug */,
				B9E2418529A9C84B006F1458 /* Release */,
			);
			defaultConfigurationIsVisible = 0;
			defaultConfigurationName = Release;
		};
		B9E2418629A9C84B006F1458 /* Build configuration list for PBXNativeTarget "AnimeUITests" */ = {
			isa = XCConfigurationList;
			buildConfigurations = (
				B9E2418729A9C84B006F1458 /* Debug */,
				B9E2418829A9C84B006F1458 /* Release */,
			);
			defaultConfigurationIsVisible = 0;
			defaultConfigurationName = Release;
		};
/* End XCConfigurationList section */
	};
	rootObject = B9E2415429A9C84A006F1458 /* Project object */;
}
